<?xml version="1.0" encoding="utf-8"?>
<Project ToolsVersion="4.0" xmlns="http://schemas.microsoft.com/developer/msbuild/2003">
  <ItemGroup>
    <ClCompile Include="InvalidCmd_test.cpp">
      <Filter>테스트파일</Filter>
    </ClCompile>
    <ClCompile Include="TS_function_test.cpp">
      <Filter>테스트파일</Filter>
    </ClCompile>
    <ClCompile Include="test.cpp">
      <Filter>테스트파일</Filter>
    </ClCompile>
    <ClCompile Include="CommandParser.cpp">
      <Filter>소스코드</Filter>
    </ClCompile>
    <ClCompile Include="main.cpp">
      <Filter>소스코드</Filter>
    </ClCompile>
    <ClCompile Include="TS_function.cpp">
      <Filter>소스코드</Filter>
    </ClCompile>
    <ClCompile Include="$(MSBuildThisFileDirectory)..\..\lib\native\src\gtest\gtest-all.cc">
      <Filter>소스 파일</Filter>
    </ClCompile>
    <ClCompile Include="$(MSBuildThisFileDirectory)..\..\lib\native\src\gmock\gmock-all.cc">
      <Filter>소스 파일</Filter>
    </ClCompile>
    <ClCompile Include="CommandParser_test.cpp">
      <Filter>테스트파일</Filter>
    </ClCompile>
  </ItemGroup>
  <ItemGroup>
    <None Include="packages.config" />
  </ItemGroup>
  <ItemGroup>
    <Filter Include="테스트파일">
      <UniqueIdentifier>{310c1194-08e5-4cb9-a383-13cb41196e3f}</UniqueIdentifier>
    </Filter>
    <Filter Include="소스코드">
      <UniqueIdentifier>{4273fa04-051a-454f-891c-7b11b72b4bf9}</UniqueIdentifier>
    </Filter>
    <Filter Include="헤더 파일">
      <UniqueIdentifier>{85476c8d-7979-4005-b176-a048c9e0c1d2}</UniqueIdentifier>
    </Filter>
  </ItemGroup>
  <ItemGroup>
    <ClInclude Include="CommandParser.h">
      <Filter>헤더 파일</Filter>
    </ClInclude>
  </ItemGroup>
</Project>